{
  "name": "@kyump/final-form-generator-mui-example",
  "version": "1.0.8",
  "lockfileVersion": 1,
  "requires": true,
  "dependencies": {
    "@babel/runtime": {
      "version": "7.4.3",
      "resolved": "https://registry.npmjs.org/@babel/runtime/-/runtime-7.4.3.tgz",
      "integrity": "sha512-9lsJwJLxDh/T3Q3SZszfWOTkk3pHbkmH+3KY+zwIDmsNlxsumuhS2TH3NIpktU4kNvfzy+k3eLT7aTJSPTo0OA==",
      "requires": {
        "regenerator-runtime": "^0.13.2"
      },
      "dependencies": {
        "regenerator-runtime": {
          "version": "0.13.2",
          "resolved": "https://registry.npmjs.org/regenerator-runtime/-/regenerator-runtime-0.13.2.tgz",
          "integrity": "sha512-S/TQAZJO+D3m9xeN1WTI8dLKBBiRgXBlTJvbWjCThHWZj9EvHK70Ff50/tYj2J/fvBY6JtFVwRuazHN2E7M9BA=="
        }
      }
    },
    "@emotion/hash": {
      "version": "0.7.1",
      "resolved": "https://registry.npmjs.org/@emotion/hash/-/hash-0.7.1.tgz",
      "integrity": "sha512-OYpa/Sg+2GDX+jibUfpZVn1YqSVRpYmTLF2eyAfrFTIJSbwyIrc+YscayoykvaOME/wV4BV0Sa0yqdMrgse6mA=="
    },
    "@kyump/final-form-generator": {
      "version": "1.0.8",
      "resolved": "https://registry.npmjs.org/@kyump/final-form-generator/-/final-form-generator-1.0.8.tgz",
      "integrity": "sha512-5eppznmxZjUWPCsDlsoEJttBGvAN0M9GmoqTeKvJDY3lQCfu+PCltRcD3ETYNUAL1MhE7jA7LOaAt/cFL3urtg==",
      "dev": true,
      "requires": {
        "lodash.topath": "^4.5.2"
      }
    },
    "@kyump/final-form-generator-mui": {
      "version": "1.0.8",
      "resolved": "https://registry.npmjs.org/@kyump/final-form-generator-mui/-/final-form-generator-mui-1.0.8.tgz",
      "integrity": "sha512-BJjFq0h59vIne32zCH/dfMt6+W4y1jEjIMXZ6CvfkAA1d5YZSxPfrUNUC3XrVPSNtoBCcZePjpBjvSh6DSg5XA==",
      "dev": true,
      "requires": {
        "string-hash": "^1.1.3"
      }
    },
    "@material-ui/core": {
      "version": "4.0.1",
      "resolved": "https://registry.npmjs.org/@material-ui/core/-/core-4.0.1.tgz",
      "integrity": "sha512-cw2Qs3BLem8FOrp/knfjJkwJXG4dZO/HGyWwZV71UWiqDIOF3plHZ7duCbOMIWwKgSUJ85k9omlSHUTT63E/pw==",
      "requires": {
        "@babel/runtime": "^7.2.0",
        "@material-ui/styles": "^4.0.1",
        "@material-ui/system": "^4.0.1",
        "@material-ui/types": "^4.0.1",
        "@material-ui/utils": "^4.0.1",
        "@types/react-transition-group": "^2.0.16",
        "clsx": "^1.0.2",
        "convert-css-length": "^1.0.2",
        "csstype": "^2.5.2",
        "debounce": "^1.1.0",
        "deepmerge": "^3.0.0",
        "hoist-non-react-statics": "^3.2.1",
        "is-plain-object": "^2.0.4",
        "normalize-scroll-left": "^0.1.2",
        "popper.js": "^1.14.1",
        "prop-types": "^15.7.2",
        "react-event-listener": "^0.6.6",
        "react-transition-group": "^4.0.0",
        "warning": "^4.0.1"
      }
    },
    "@material-ui/icons": {
      "version": "4.0.1",
      "resolved": "https://registry.npmjs.org/@material-ui/icons/-/icons-4.0.1.tgz",
      "integrity": "sha512-03zUfksGXXbaWX2piB1LCmC28eydlT8ah8MbYT4n4mgiX9BTL4HH50lkFn9JIJJSk2oO5kRy4FvpXRGRBI+oxw==",
      "requires": {
        "@babel/runtime": "^7.2.0"
      }
    },
    "@material-ui/styles": {
      "version": "4.0.1",
      "resolved": "https://registry.npmjs.org/@material-ui/styles/-/styles-4.0.1.tgz",
      "integrity": "sha512-SywkWzBzXvm9dUY2rtmzTc/FTlKGctVYGb8hzPZyHU3OI4X9jQH4YnR/OiqTwg4jNpFnASJX5rW1rEUJM+ZnhA==",
      "requires": {
        "@babel/runtime": "^7.2.0",
        "@emotion/hash": "^0.7.1",
        "@material-ui/types": "^4.0.1",
        "@material-ui/utils": "^4.0.1",
        "clsx": "^1.0.2",
        "deepmerge": "^3.0.0",
        "hoist-non-react-statics": "^3.2.1",
        "jss": "^10.0.0-alpha.16",
        "jss-plugin-camel-case": "^10.0.0-alpha.16",
        "jss-plugin-default-unit": "^10.0.0-alpha.16",
        "jss-plugin-global": "^10.0.0-alpha.16",
        "jss-plugin-nested": "^10.0.0-alpha.16",
        "jss-plugin-props-sort": "^10.0.0-alpha.16",
        "jss-plugin-rule-value-function": "^10.0.0-alpha.16",
        "jss-plugin-vendor-prefixer": "^10.0.0-alpha.16",
        "prop-types": "^15.7.2",
        "warning": "^4.0.1"
      }
    },
    "@material-ui/system": {
      "version": "4.0.1",
      "resolved": "https://registry.npmjs.org/@material-ui/system/-/system-4.0.1.tgz",
      "integrity": "sha512-NlMF4jZk1xx7taUOT+QhrJw7v7uUi9Ae+G8C8fowGgP5x04whxOuSuSmN9a8u2j7dc8XqahR0OJeA6Xch8ymog==",
      "requires": {
        "@babel/runtime": "^7.2.0",
        "deepmerge": "^3.0.0",
        "prop-types": "^15.7.2",
        "warning": "^4.0.1"
      }
    },
    "@material-ui/types": {
      "version": "4.0.1",
      "resolved": "https://registry.npmjs.org/@material-ui/types/-/types-4.0.1.tgz",
      "integrity": "sha512-FGhogU9l4s+ycMcC3hhOAvu5hcWa5TVSCCGUf4NOUF904ythroWSAvcCHn92NjftXZ8WZqmtPjL1K/d90Pq/3Q=="
    },
    "@material-ui/utils": {
      "version": "4.0.1",
      "resolved": "https://registry.npmjs.org/@material-ui/utils/-/utils-4.0.1.tgz",
      "integrity": "sha512-mWRcMQIrqsXGze73tx3hNfB1NUu+BL/oIQI7TImyuhsia1EQXw3bPVBjgwTzqM6MqfXw6eh1fR45Di+WN5hASA==",
      "requires": {
        "@babel/runtime": "^7.2.0",
        "prop-types": "^15.7.2",
        "react-is": "^16.8.0"
      }
    },
    "@types/prop-types": {
      "version": "15.7.1",
      "resolved": "https://registry.npmjs.org/@types/prop-types/-/prop-types-15.7.1.tgz",
      "integrity": "sha512-CFzn9idOEpHrgdw8JsoTkaDDyRWk1jrzIV8djzcgpq0y9tG4B4lFT+Nxh52DVpDXV+n4+NPNv7M1Dj5uMp6XFg=="
    },
    "@types/react": {
      "version": "16.8.19",
      "resolved": "https://registry.npmjs.org/@types/react/-/react-16.8.19.tgz",
      "integrity": "sha512-QzEzjrd1zFzY9cDlbIiFvdr+YUmefuuRYrPxmkwG0UQv5XF35gFIi7a95m1bNVcFU0VimxSZ5QVGSiBmlggQXQ==",
      "requires": {
        "@types/prop-types": "*",
        "csstype": "^2.2.0"
      }
    },
    "@types/react-transition-group": {
      "version": "2.9.1",
      "resolved": "https://registry.npmjs.org/@types/react-transition-group/-/react-transition-group-2.9.1.tgz",
      "integrity": "sha512-1usq4DRUVBFnxc9KGJAlJO9EpQrLZGDDEC8wDOn2+2ODSyudYo8FiIzPDRaX/hfQjHqGeeoNaNdA2bj0l35hZQ==",
      "requires": {
        "@types/react": "*"
      }
    },
    "babel-polyfill": {
      "version": "6.26.0",
      "resolved": "https://registry.npmjs.org/babel-polyfill/-/babel-polyfill-6.26.0.tgz",
      "integrity": "sha1-N5k3q8Z9eJWXCtxiHyhM2WbPIVM=",
      "requires": {
        "babel-runtime": "^6.26.0",
        "core-js": "^2.5.0",
        "regenerator-runtime": "^0.10.5"
      },
      "dependencies": {
        "core-js": {
          "version": "2.5.7",
          "resolved": "https://registry.npmjs.org/core-js/-/core-js-2.5.7.tgz",
          "integrity": "sha512-RszJCAxg/PP6uzXVXL6BsxSXx/B05oJAQ2vkJRjyjrEcNVycaqOmNb5OTxZPE3xa5gwZduqza6L9JOCenh/Ecw=="
        },
        "regenerator-runtime": {
          "version": "0.10.5",
          "resolved": "https://registry.npmjs.org/regenerator-runtime/-/regenerator-runtime-0.10.5.tgz",
          "integrity": "sha1-M2w+/BIgrc7dosn6tntaeVWjNlg="
        }
      }
    },
    "babel-runtime": {
      "version": "6.26.0",
      "resolved": "https://registry.npmjs.org/babel-runtime/-/babel-runtime-6.26.0.tgz",
      "integrity": "sha1-llxwWGaOgrVde/4E/yM3vItWR/4=",
      "requires": {
        "core-js": "^2.4.0",
        "regenerator-runtime": "^0.11.0"
      },
      "dependencies": {
        "core-js": {
          "version": "2.5.7",
          "resolved": "https://registry.npmjs.org/core-js/-/core-js-2.5.7.tgz",
          "integrity": "sha512-RszJCAxg/PP6uzXVXL6BsxSXx/B05oJAQ2vkJRjyjrEcNVycaqOmNb5OTxZPE3xa5gwZduqza6L9JOCenh/Ecw=="
        }
      }
    },
    "clsx": {
      "version": "1.0.4",
      "resolved": "https://registry.npmjs.org/clsx/-/clsx-1.0.4.tgz",
      "integrity": "sha512-1mQ557MIZTrL/140j+JVdRM6e31/OA4vTYxXgqIIZlndyfjHpyawKZia1Im05Vp9BWmImkcNrNtFYQMyFcgJDg=="
    },
    "console-polyfill": {
      "version": "0.1.2",
      "resolved": "https://registry.npmjs.org/console-polyfill/-/console-polyfill-0.1.2.tgz",
      "integrity": "sha1-ls/tUcr3gYn2mVcubxgnHcN8DjA="
    },
    "convert-css-length": {
      "version": "1.0.2",
      "resolved": "https://registry.npmjs.org/convert-css-length/-/convert-css-length-1.0.2.tgz",
      "integrity": "sha512-ecV7j3hXyXN1X2XfJBzhMR0o1Obv0v3nHmn0UiS3ACENrzbxE/EknkiunS/fCwQva0U62X1GChi8GaPh4oTlLg==",
      "requires": {
        "console-polyfill": "^0.1.2",
        "parse-unit": "^1.0.1"
      }
    },
    "css-vendor": {
      "version": "2.0.2",
      "resolved": "https://registry.npmjs.org/css-vendor/-/css-vendor-2.0.2.tgz",
      "integrity": "sha512-Xn5ZAlI00d8HaQ8/oQ8d+iBzSF//NCc77LPzsucM32X/R/yTqmXy6otVsAM0XleXk6HjPuXoVZwXsayky/fsFQ==",
      "requires": {
        "@babel/runtime": "^7.3.1",
        "is-in-browser": "^1.0.2"
      }
    },
    "csstype": {
      "version": "2.6.5",
      "resolved": "https://registry.npmjs.org/csstype/-/csstype-2.6.5.tgz",
      "integrity": "sha512-JsTaiksRsel5n7XwqPAfB0l3TFKdpjW/kgAELf9vrb5adGA7UCPLajKK5s3nFrcFm3Rkyp/Qkgl73ENc1UY3cA=="
    },
    "debounce": {
      "version": "1.2.0",
      "resolved": "https://registry.npmjs.org/debounce/-/debounce-1.2.0.tgz",
      "integrity": "sha512-mYtLl1xfZLi1m4RtQYlZgJUNQjl4ZxVnHzIR8nLLgi4q1YT8o/WM+MK/f8yfcc9s5Ir5zRaPZyZU6xs1Syoocg=="
    },
    "deepmerge": {
      "version": "3.2.0",
      "resolved": "https://registry.npmjs.org/deepmerge/-/deepmerge-3.2.0.tgz",
      "integrity": "sha512-6+LuZGU7QCNUnAJyX8cIrlzoEgggTM6B7mm+znKOX4t5ltluT9KLjN6g61ECMS0LTsLW7yDpNoxhix5FZcrIow=="
    },
    "dom-helpers": {
      "version": "3.4.0",
      "resolved": "https://registry.npmjs.org/dom-helpers/-/dom-helpers-3.4.0.tgz",
      "integrity": "sha512-LnuPJ+dwqKDIyotW1VzmOZ5TONUN7CwkCR5hrgawTUbkBGYdeoNLZo6nNfGkCrjtE1nXXaj7iMMpDa8/d9WoIA==",
      "requires": {
        "@babel/runtime": "^7.1.2"
      }
    },
    "final-form": {
      "version": "4.18.5",
      "resolved": "https://registry.npmjs.org/final-form/-/final-form-4.18.5.tgz",
      "integrity": "sha512-DH/I2W7fWxU8J8ZsbYJ5jLvUbhbatCvLhIKlsU17MvY6W3QnetPEyuX5mcxXgIGFNFKxfvqsG3pDy/1/VwOiTw==",
      "requires": {
        "@babel/runtime": "^7.3.1"
      }
    },
    "final-form-calculate": {
      "version": "1.3.1",
      "resolved": "https://registry.npmjs.org/final-form-calculate/-/final-form-calculate-1.3.1.tgz",
      "integrity": "sha512-vZCvQ08w9FIoHLkZMcJSIXQr5TAVLxHfLD0thmm50zcNyJESruqhgvurSjWYPLoJGnIgbIb94Rumdg5ZXX5WiQ=="
    },
    "fn-name": {
      "version": "2.0.1",
      "resolved": "https://registry.npmjs.org/fn-name/-/fn-name-2.0.1.tgz",
      "integrity": "sha1-UhTXU3pNBqSjAcDMJi/rhBiAAuc="
    },
    "hoist-non-react-statics": {
      "version": "3.3.0",
      "resolved": "https://registry.npmjs.org/hoist-non-react-statics/-/hoist-non-react-statics-3.3.0.tgz",
      "integrity": "sha512-0XsbTXxgiaCDYDIWFcwkmerZPSwywfUqYmwT4jzewKTQSWoE6FCMoUVOeBJWK3E/CrWbxRG3m5GzY4lnIwGRBA==",
      "requires": {
        "react-is": "^16.7.0"
      }
    },
    "hyphenate-style-name": {
      "version": "1.0.3",
      "resolved": "https://registry.npmjs.org/hyphenate-style-name/-/hyphenate-style-name-1.0.3.tgz",
      "integrity": "sha512-EcuixamT82oplpoJ2XU4pDtKGWQ7b00CD9f1ug9IaQ3p1bkHMiKCZ9ut9QDI6qsa6cpUuB+A/I+zLtdNK4n2DQ=="
    },
    "is-in-browser": {
      "version": "1.1.3",
      "resolved": "https://registry.npmjs.org/is-in-browser/-/is-in-browser-1.1.3.tgz",
      "integrity": "sha1-Vv9NtoOgeMYILrldrX3GLh0E+DU="
    },
    "is-plain-object": {
      "version": "2.0.4",
      "resolved": "https://registry.npmjs.org/is-plain-object/-/is-plain-object-2.0.4.tgz",
      "integrity": "sha512-h5PpgXkWitc38BBMYawTYMWJHFZJVnBquFE57xFpjB8pJFiF6gZ+bU+WyI/yqXiFR5mdLsgYNaPe8uao6Uv9Og==",
      "requires": {
        "isobject": "^3.0.1"
      }
    },
    "isobject": {
      "version": "3.0.1",
      "resolved": "https://registry.npmjs.org/isobject/-/isobject-3.0.1.tgz",
      "integrity": "sha1-TkMekrEalzFjaqH5yNHMvP2reN8="
    },
    "js-tokens": {
      "version": "3.0.2",
      "resolved": "https://registry.npmjs.org/js-tokens/-/js-tokens-3.0.2.tgz",
      "integrity": "sha1-mGbfOVECEw449/mWvOtlRDIJwls="
    },
    "jss": {
      "version": "10.0.0-alpha.16",
      "resolved": "https://registry.npmjs.org/jss/-/jss-10.0.0-alpha.16.tgz",
      "integrity": "sha512-HmKNNnr82TR5jkWjBcbrx/uim2ief588pWp7zsf4GQpL125zRkEaWYL1SXv5bR6bBvAoTtvJsTAOxDIlLxUNZg==",
      "requires": {
        "@babel/runtime": "^7.3.1",
        "is-in-browser": "^1.1.3",
        "tiny-warning": "^1.0.2"
      }
    },
    "jss-plugin-camel-case": {
      "version": "10.0.0-alpha.16",
      "resolved": "https://registry.npmjs.org/jss-plugin-camel-case/-/jss-plugin-camel-case-10.0.0-alpha.16.tgz",
      "integrity": "sha512-nki+smHEsFyoZ0OlOYtaxVqcQA0ZHVJCE1slRnk+1TklbmxbBiO4TwITMTEaNIDv0U0Uyb0Z8wVgFgRwCCIFog==",
      "requires": {
        "@babel/runtime": "^7.3.1",
        "hyphenate-style-name": "^1.0.3",
        "jss": "10.0.0-alpha.16"
      }
    },
    "jss-plugin-default-unit": {
      "version": "10.0.0-alpha.16",
      "resolved": "https://registry.npmjs.org/jss-plugin-default-unit/-/jss-plugin-default-unit-10.0.0-alpha.16.tgz",
      "integrity": "sha512-jjGW4F/r9yKvoyUk22M8nWhdMfvoWzJw/oFO2cDRXCk2onnWFiRALfqeUsEDyocwdZbyVF9WhZbSHn4GL03kSw==",
      "requires": {
        "@babel/runtime": "^7.3.1",
        "jss": "10.0.0-alpha.16"
      }
    },
    "jss-plugin-global": {
      "version": "10.0.0-alpha.16",
      "resolved": "https://registry.npmjs.org/jss-plugin-global/-/jss-plugin-global-10.0.0-alpha.16.tgz",
      "integrity": "sha512-B1mm2ZF9OEsWPmzkG5ZUXqV88smDqpc4unILLXhWVuj0U5JeT0DNitH+QbXFrSueDJzkWVfvqyckvWDR/0qeDg==",
      "requires": {
        "@babel/runtime": "^7.3.1",
        "jss": "10.0.0-alpha.16"
      }
    },
    "jss-plugin-nested": {
      "version": "10.0.0-alpha.16",
      "resolved": "https://registry.npmjs.org/jss-plugin-nested/-/jss-plugin-nested-10.0.0-alpha.16.tgz",
      "integrity": "sha512-3l/MB6COnIpq4GOXQFae6UydoaIPa81UxhuBTEQuiAojgTeUla9L7nB3h18Q4zAhQQpjxaEsyppAKuEzIP7kPQ==",
      "requires": {
        "@babel/runtime": "^7.3.1",
        "jss": "10.0.0-alpha.16",
        "tiny-warning": "^1.0.2"
      }
    },
    "jss-plugin-props-sort": {
      "version": "10.0.0-alpha.16",
      "resolved": "https://registry.npmjs.org/jss-plugin-props-sort/-/jss-plugin-props-sort-10.0.0-alpha.16.tgz",
      "integrity": "sha512-+Yn9nugHAH58nf/d43H2uxMvlCFPDgLKRSmKO4Q4m1IGYjMbHsWt1Rk2HfC9IiCanqcqpc8hstwtzf+HG7PWFQ==",
      "requires": {
        "@babel/runtime": "^7.3.1",
        "jss": "10.0.0-alpha.16"
      }
    },
    "jss-plugin-rule-value-function": {
      "version": "10.0.0-alpha.16",
      "resolved": "https://registry.npmjs.org/jss-plugin-rule-value-function/-/jss-plugin-rule-value-function-10.0.0-alpha.16.tgz",
      "integrity": "sha512-MQap9ne6ZGZH0NlpSQTMSm6QalBTF0hYpd2uaGQwam+GlT7IKeO+sTjd46I1WgO3kyOmwb0pIY6CnuLQGXKtSA==",
      "requires": {
        "@babel/runtime": "^7.3.1",
        "jss": "10.0.0-alpha.16"
      }
    },
    "jss-plugin-vendor-prefixer": {
      "version": "10.0.0-alpha.16",
      "resolved": "https://registry.npmjs.org/jss-plugin-vendor-prefixer/-/jss-plugin-vendor-prefixer-10.0.0-alpha.16.tgz",
      "integrity": "sha512-70yJ6QE5dN8VlPUGKld5jK2SKyrteheEL/ismexpybIufunMs6iJgkhDndbOfv8ia13yZgUVqeakMdhRKYwK1A==",
      "requires": {
        "@babel/runtime": "^7.3.1",
        "css-vendor": "^2.0.1",
        "jss": "10.0.0-alpha.16"
      }
    },
    "lodash": {
      "version": "4.17.15",
      "resolved": "https://registry.npmjs.org/lodash/-/lodash-4.17.15.tgz",
      "integrity": "sha512-8xOcRHvCjnocdS5cpwXQXVzmmh5e5+saE2QGoeQmbKmRS6J3VQppPOIt0MnmE+4xlZoumy0GPG0D0MVIQbNA1A=="
    },
    "lodash.topath": {
      "version": "4.5.2",
      "resolved": "https://registry.npmjs.org/lodash.topath/-/lodash.topath-4.5.2.tgz",
      "integrity": "sha1-NhY1Hzu6YZlKCTGYlmC9AyVP0Ak=",
      "dev": true
    },
    "loose-envify": {
      "version": "1.3.1",
      "resolved": "https://registry.npmjs.org/loose-envify/-/loose-envify-1.3.1.tgz",
      "integrity": "sha1-0aitM/qc4OcT1l/dCsi3SNR4yEg=",
      "requires": {
        "js-tokens": "^3.0.0"
      }
    },
    "normalize-scroll-left": {
      "version": "0.1.2",
      "resolved": "https://registry.npmjs.org/normalize-scroll-left/-/normalize-scroll-left-0.1.2.tgz",
      "integrity": "sha512-F9YMRls0zCF6BFIE2YnXDRpHPpfd91nOIaNdDgrx5YMoPLo8Wqj+6jNXHQsYBavJeXP4ww8HCt0xQAKc5qk2Fg=="
    },
    "object-assign": {
      "version": "4.1.1",
      "resolved": "https://registry.npmjs.org/object-assign/-/object-assign-4.1.1.tgz",
      "integrity": "sha1-IQmtx5ZYh8/AXLvUQsrIv7s2CGM="
    },
    "parse-unit": {
      "version": "1.0.1",
      "resolved": "https://registry.npmjs.org/parse-unit/-/parse-unit-1.0.1.tgz",
      "integrity": "sha1-fhu21b7zh0wo45JSaiVBFwKR7s8="
    },
    "popper.js": {
      "version": "1.15.0",
      "resolved": "https://registry.npmjs.org/popper.js/-/popper.js-1.15.0.tgz",
      "integrity": "sha512-w010cY1oCUmI+9KwwlWki+r5jxKfTFDVoadl7MSrIujHU5MJ5OR6HTDj6Xo8aoR/QsA56x8jKjA59qGH4ELtrA=="
    },
    "prop-types": {
      "version": "15.7.2",
      "resolved": "https://registry.npmjs.org/prop-types/-/prop-types-15.7.2.tgz",
      "integrity": "sha512-8QQikdH7//R2vurIJSutZ1smHYTcLpRWEOlHnzcWHmBYrOGUysKwSsrC89BCiFj3CbrfJ/nXFdJepOVrY1GCHQ==",
      "requires": {
        "loose-envify": "^1.4.0",
        "object-assign": "^4.1.1",
        "react-is": "^16.8.1"
      },
      "dependencies": {
        "loose-envify": {
          "version": "1.4.0",
          "resolved": "https://registry.npmjs.org/loose-envify/-/loose-envify-1.4.0.tgz",
          "integrity": "sha512-lyuxPGr/Wfhrlem2CL/UcnUc1zcqKAImBDzukY7Y5F/yQiNdko6+fRLevlw1HgMySw7f611UIY408EtxRSoK3Q==",
          "requires": {
            "js-tokens": "^3.0.0 || ^4.0.0"
          }
        }
      }
    },
    "property-expr": {
      "version": "1.5.1",
      "resolved": "https://registry.npmjs.org/property-expr/-/property-expr-1.5.1.tgz",
      "integrity": "sha512-CGuc0VUTGthpJXL36ydB6jnbyOf/rAHFvmVrJlH+Rg0DqqLFQGAP6hIaxD/G0OAmBJPhXDHuEJigrp0e0wFV6g=="
    },
    "react": {
      "version": "16.8.6",
      "resolved": "https://registry.npmjs.org/react/-/react-16.8.6.tgz",
      "integrity": "sha512-pC0uMkhLaHm11ZSJULfOBqV4tIZkx87ZLvbbQYunNixAAvjnC+snJCg0XQXn9VIsttVsbZP/H/ewzgsd5fxKXw==",
      "requires": {
        "loose-envify": "^1.1.0",
        "object-assign": "^4.1.1",
        "prop-types": "^15.6.2",
        "scheduler": "^0.13.6"
      },
      "dependencies": {
        "prop-types": {
          "version": "15.7.2",
          "resolved": "https://registry.npmjs.org/prop-types/-/prop-types-15.7.2.tgz",
          "integrity": "sha512-8QQikdH7//R2vurIJSutZ1smHYTcLpRWEOlHnzcWHmBYrOGUysKwSsrC89BCiFj3CbrfJ/nXFdJepOVrY1GCHQ==",
          "requires": {
            "loose-envify": "^1.4.0",
            "object-assign": "^4.1.1",
            "react-is": "^16.8.1"
          },
          "dependencies": {
            "loose-envify": {
              "version": "1.4.0",
              "resolved": "https://registry.npmjs.org/loose-envify/-/loose-envify-1.4.0.tgz",
              "integrity": "sha512-lyuxPGr/Wfhrlem2CL/UcnUc1zcqKAImBDzukY7Y5F/yQiNdko6+fRLevlw1HgMySw7f611UIY408EtxRSoK3Q==",
              "requires": {
                "js-tokens": "^3.0.0 || ^4.0.0"
              }
            }
          }
        }
      }
    },
    "react-dom": {
      "version": "16.8.6",
      "resolved": "https://registry.npmjs.org/react-dom/-/react-dom-16.8.6.tgz",
      "integrity": "sha512-1nL7PIq9LTL3fthPqwkvr2zY7phIPjYrT0jp4HjyEQrEROnw4dG41VVwi/wfoCneoleqrNX7iAD+pXebJZwrwA==",
      "requires": {
        "loose-envify": "^1.1.0",
        "object-assign": "^4.1.1",
        "prop-types": "^15.6.2",
        "scheduler": "^0.13.6"
      },
      "dependencies": {
        "prop-types": {
          "version": "15.7.2",
          "resolved": "https://registry.npmjs.org/prop-types/-/prop-types-15.7.2.tgz",
          "integrity": "sha512-8QQikdH7//R2vurIJSutZ1smHYTcLpRWEOlHnzcWHmBYrOGUysKwSsrC89BCiFj3CbrfJ/nXFdJepOVrY1GCHQ==",
          "requires": {
            "loose-envify": "^1.4.0",
            "object-assign": "^4.1.1",
            "react-is": "^16.8.1"
          },
          "dependencies": {
            "loose-envify": {
              "version": "1.4.0",
              "resolved": "https://registry.npmjs.org/loose-envify/-/loose-envify-1.4.0.tgz",
              "integrity": "sha512-lyuxPGr/Wfhrlem2CL/UcnUc1zcqKAImBDzukY7Y5F/yQiNdko6+fRLevlw1HgMySw7f611UIY408EtxRSoK3Q==",
              "requires": {
                "js-tokens": "^3.0.0 || ^4.0.0"
              }
            }
          }
        }
      }
    },
    "react-event-listener": {
      "version": "0.6.6",
      "resolved": "https://registry.npmjs.org/react-event-listener/-/react-event-listener-0.6.6.tgz",
      "integrity": "sha512-+hCNqfy7o9wvO6UgjqFmBzARJS7qrNoda0VqzvOuioEpoEXKutiKuv92dSz6kP7rYLmyHPyYNLesi5t/aH1gfw==",
      "requires": {
        "@babel/runtime": "^7.2.0",
        "prop-types": "^15.6.0",
        "warning": "^4.0.1"
      }
    },
    "react-final-form": {
      "version": "6.3.0",
      "resolved": "https://registry.npmjs.org/react-final-form/-/react-final-form-6.3.0.tgz",
      "integrity": "sha512-jijhXR1fFGUBQwNOSqF4MK8XJO7Ynl1p8vcFsnQS0INSkGI52+4IagjUgtHj3w8EviIHPFK/Eflji6FELUl07w==",
      "requires": {
        "@babel/runtime": "^7.4.5",
        "ts-essentials": "^2.0.8"
      },
      "dependencies": {
        "@babel/runtime": {
          "version": "7.6.0",
          "resolved": "https://registry.npmjs.org/@babel/runtime/-/runtime-7.6.0.tgz",
          "integrity": "sha512-89eSBLJsxNxOERC0Op4vd+0Bqm6wRMqMbFtV3i0/fbaWw/mJ8Q3eBvgX0G4SyrOOLCtbu98HspF8o09MRT+KzQ==",
          "requires": {
            "regenerator-runtime": "^0.13.2"
          }
        },
        "regenerator-runtime": {
          "version": "0.13.3",
          "resolved": "https://registry.npmjs.org/regenerator-runtime/-/regenerator-runtime-0.13.3.tgz",
          "integrity": "sha512-naKIZz2GQ8JWh///G7L3X6LaQUAMp2lvb1rvwwsURe/VXwD6VMfr+/1NuNw3ag8v2kY1aQ/go5SNn79O9JU7yw=="
        }
      }
    },
    "react-is": {
      "version": "16.8.6",
      "resolved": "https://registry.npmjs.org/react-is/-/react-is-16.8.6.tgz",
      "integrity": "sha512-aUk3bHfZ2bRSVFFbbeVS4i+lNPZr3/WM5jT2J5omUVV1zzcs1nAaf3l51ctA5FFvCRbhrH0bdAsRRQddFJZPtA=="
    },
    "react-transition-group": {
      "version": "4.1.0",
      "resolved": "https://registry.npmjs.org/react-transition-group/-/react-transition-group-4.1.0.tgz",
      "integrity": "sha512-/OITbogb3emGN49WaP7468QGSde7er5w6eIHldIDCSQBq/9QTSCzs8OgpgmOnaUXCXzBUcK1zoZ6DqRlM8CJtA==",
      "requires": {
        "dom-helpers": "^3.4.0",
        "loose-envify": "^1.4.0",
        "prop-types": "^15.6.2"
      },
      "dependencies": {
        "loose-envify": {
          "version": "1.4.0",
          "resolved": "https://registry.npmjs.org/loose-envify/-/loose-envify-1.4.0.tgz",
          "integrity": "sha512-lyuxPGr/Wfhrlem2CL/UcnUc1zcqKAImBDzukY7Y5F/yQiNdko6+fRLevlw1HgMySw7f611UIY408EtxRSoK3Q==",
          "requires": {
            "js-tokens": "^3.0.0 || ^4.0.0"
          }
        }
      }
    },
    "regenerator-runtime": {
      "version": "0.11.1",
      "resolved": "https://registry.npmjs.org/regenerator-runtime/-/regenerator-runtime-0.11.1.tgz",
      "integrity": "sha512-MguG95oij0fC3QV3URf4V2SDYGJhJnJGqvIIgdECeODCT98wSWDAJ94SSuVpYQUoTcGUIL6L4yNB7j1DFFHSBg=="
    },
    "scheduler": {
      "version": "0.13.6",
      "resolved": "https://registry.npmjs.org/scheduler/-/scheduler-0.13.6.tgz",
      "integrity": "sha512-IWnObHt413ucAYKsD9J1QShUKkbKLQQHdxRyw73sw4FN26iWr3DY/H34xGPe4nmL1DwXyWmSWmMrA9TfQbE/XQ==",
      "requires": {
        "loose-envify": "^1.1.0",
        "object-assign": "^4.1.1"
      }
    },
    "string-hash": {
      "version": "1.1.3",
      "resolved": "https://registry.npmjs.org/string-hash/-/string-hash-1.1.3.tgz",
      "integrity": "sha1-6Kr8CsGFW0Zmkp7X3RJ1311sgRs="
    },
    "synchronous-promise": {
      "version": "2.0.7",
      "resolved": "https://registry.npmjs.org/synchronous-promise/-/synchronous-promise-2.0.7.tgz",
      "integrity": "sha512-16GbgwTmFMYFyQMLvtQjvNWh30dsFe1cAW5Fg1wm5+dg84L9Pe36mftsIRU95/W2YsISxsz/xq4VB23sqpgb/A=="
    },
    "tiny-warning": {
      "version": "1.0.2",
      "resolved": "https://registry.npmjs.org/tiny-warning/-/tiny-warning-1.0.2.tgz",
      "integrity": "sha512-rru86D9CpQRLvsFG5XFdy0KdLAvjdQDyZCsRcuu60WtzFylDM3eAWSxEVz5kzL2Gp544XiUvPbVKtOA/txLi9Q=="
    },
    "toposort": {
      "version": "2.0.2",
      "resolved": "https://registry.npmjs.org/toposort/-/toposort-2.0.2.tgz",
      "integrity": "sha1-riF2gXXRVZ1IvvNUILL0li8JwzA="
    },
    "ts-essentials": {
      "version": "2.0.12",
      "resolved": "https://registry.npmjs.org/ts-essentials/-/ts-essentials-2.0.12.tgz",
      "integrity": "sha512-3IVX4nI6B5cc31/GFFE+i8ey/N2eA0CZDbo6n0yrz0zDX8ZJ8djmU1p+XRz7G3is0F3bB3pu2pAroFdAWQKU3w=="
    },
    "warning": {
      "version": "4.0.3",
      "resolved": "https://registry.npmjs.org/warning/-/warning-4.0.3.tgz",
      "integrity": "sha512-rpJyN222KWIvHJ/F53XSZv0Zl/accqHR8et1kpaMTD/fLCRxtV8iX8czMzY7sVZupTI3zcUTg8eycS2kNF9l6w==",
      "requires": {
        "loose-envify": "^1.0.0"
      }
    },
    "yup": {
      "version": "0.27.0",
      "resolved": "https://registry.npmjs.org/yup/-/yup-0.27.0.tgz",
      "integrity": "sha512-v1yFnE4+u9za42gG/b/081E7uNW9mUj3qtkmelLbW5YPROZzSH/KUUyJu9Wt8vxFJcT9otL/eZopS0YK1L5yPQ==",
      "requires": {
        "@babel/runtime": "^7.0.0",
        "fn-name": "~2.0.1",
        "lodash": "^4.17.11",
        "property-expr": "^1.5.0",
        "synchronous-promise": "^2.0.6",
        "toposort": "^2.0.2"
      }
    }
  }
}
