{
  "name": "@kyump/final-form-generator-mui-example",
  "version": "1.1.0",
  "lockfileVersion": 1,
  "requires": true,
  "dependencies": {
    "@babel/runtime": {
      "version": "7.4.3",
      "resolved": "https://registry.npmjs.org/@babel/runtime/-/runtime-7.4.3.tgz",
      "integrity": "sha512-9lsJwJLxDh/T3Q3SZszfWOTkk3pHbkmH+3KY+zwIDmsNlxsumuhS2TH3NIpktU4kNvfzy+k3eLT7aTJSPTo0OA==",
      "requires": {
        "regenerator-runtime": "^0.13.2"
      },
      "dependencies": {
        "regenerator-runtime": {
          "version": "0.13.2",
          "resolved": "https://registry.npmjs.org/regenerator-runtime/-/regenerator-runtime-0.13.2.tgz",
          "integrity": "sha512-S/TQAZJO+D3m9xeN1WTI8dLKBBiRgXBlTJvbWjCThHWZj9EvHK70Ff50/tYj2J/fvBY6JtFVwRuazHN2E7M9BA=="
        }
      }
    },
    "@emotion/hash": {
      "version": "0.7.4",
      "resolved": "https://registry.npmjs.org/@emotion/hash/-/hash-0.7.4.tgz",
      "integrity": "sha512-fxfMSBMX3tlIbKUdtGKxqB1fyrH6gVrX39Gsv3y8lRYKUqlgDt3UMqQyGnR1bQMa2B8aGnhLZokZgg8vT0Le+A=="
    },
    "@kyump/final-form-generator": {
      "version": "1.1.0",
      "resolved": "https://registry.npmjs.org/@kyump/final-form-generator/-/final-form-generator-1.1.0.tgz",
      "integrity": "sha512-8Ac3LblPU3UzFHG/+ETwL+5FS6V94VwBtxi13J62x9TScwWU9RCyVtYslTjLdOopSTbtZdBdgGAOXqXv9ctSUQ==",
      "dev": true,
      "requires": {
        "lodash.topath": "^4.5.2"
      }
    },
    "@kyump/final-form-generator-mui": {
      "version": "1.1.0",
      "resolved": "https://registry.npmjs.org/@kyump/final-form-generator-mui/-/final-form-generator-mui-1.1.0.tgz",
      "integrity": "sha512-He7awlwTRdIz+PmNBtTu+CyrsNC1Bj6SOHD8Wtjts5I4PCLzRGVM5OBA8zN42aGQfamwFLy2/+o0UC4/cplYsw==",
      "dev": true,
      "requires": {
        "string-hash": "^1.1.3"
      }
    },
    "@material-ui/core": {
      "version": "4.8.2",
      "resolved": "https://registry.npmjs.org/@material-ui/core/-/core-4.8.2.tgz",
      "integrity": "sha512-4dILME6TVCTyi9enavqbYLU8HueaX5YQxfn2IiCiGwHpqp4pIhJCVUVlBf0ADG6lL2K1tWrsawGs/hePpHxAYw==",
      "requires": {
        "@babel/runtime": "^7.4.4",
        "@material-ui/styles": "^4.8.2",
        "@material-ui/system": "^4.7.1",
        "@material-ui/types": "^4.1.1",
        "@material-ui/utils": "^4.7.1",
        "@types/react-transition-group": "^4.2.0",
        "clsx": "^1.0.2",
        "convert-css-length": "^2.0.1",
        "hoist-non-react-statics": "^3.2.1",
        "normalize-scroll-left": "^0.2.0",
        "popper.js": "^1.14.1",
        "prop-types": "^15.7.2",
        "react-is": "^16.8.0",
        "react-transition-group": "^4.3.0"
      },
      "dependencies": {
        "@babel/runtime": {
          "version": "7.7.7",
          "resolved": "https://registry.npmjs.org/@babel/runtime/-/runtime-7.7.7.tgz",
          "integrity": "sha512-uCnC2JEVAu8AKB5do1WRIsvrdJ0flYx/A/9f/6chdacnEZ7LmavjdsDXr5ksYBegxtuTPR5Va9/+13QF/kFkCA==",
          "requires": {
            "regenerator-runtime": "^0.13.2"
          }
        },
        "regenerator-runtime": {
          "version": "0.13.3",
          "resolved": "https://registry.npmjs.org/regenerator-runtime/-/regenerator-runtime-0.13.3.tgz",
          "integrity": "sha512-naKIZz2GQ8JWh///G7L3X6LaQUAMp2lvb1rvwwsURe/VXwD6VMfr+/1NuNw3ag8v2kY1aQ/go5SNn79O9JU7yw=="
        }
      }
    },
    "@material-ui/icons": {
      "version": "4.0.1",
      "resolved": "https://registry.npmjs.org/@material-ui/icons/-/icons-4.0.1.tgz",
      "integrity": "sha512-03zUfksGXXbaWX2piB1LCmC28eydlT8ah8MbYT4n4mgiX9BTL4HH50lkFn9JIJJSk2oO5kRy4FvpXRGRBI+oxw==",
      "requires": {
        "@babel/runtime": "^7.2.0"
      }
    },
    "@material-ui/styles": {
      "version": "4.8.2",
      "resolved": "https://registry.npmjs.org/@material-ui/styles/-/styles-4.8.2.tgz",
      "integrity": "sha512-r5U+93pkpwQOmHTmwyn2sqTio6PHd873xvSHiKP6fdybAXXX6CZgVvh3W8saZNbYr/QXsS8OHmFv7sYJLt5Yfg==",
      "requires": {
        "@babel/runtime": "^7.4.4",
        "@emotion/hash": "^0.7.4",
        "@material-ui/types": "^4.1.1",
        "@material-ui/utils": "^4.7.1",
        "clsx": "^1.0.2",
        "csstype": "^2.5.2",
        "hoist-non-react-statics": "^3.2.1",
        "jss": "^10.0.0",
        "jss-plugin-camel-case": "^10.0.0",
        "jss-plugin-default-unit": "^10.0.0",
        "jss-plugin-global": "^10.0.0",
        "jss-plugin-nested": "^10.0.0",
        "jss-plugin-props-sort": "^10.0.0",
        "jss-plugin-rule-value-function": "^10.0.0",
        "jss-plugin-vendor-prefixer": "^10.0.0",
        "prop-types": "^15.7.2"
      },
      "dependencies": {
        "@babel/runtime": {
          "version": "7.7.7",
          "resolved": "https://registry.npmjs.org/@babel/runtime/-/runtime-7.7.7.tgz",
          "integrity": "sha512-uCnC2JEVAu8AKB5do1WRIsvrdJ0flYx/A/9f/6chdacnEZ7LmavjdsDXr5ksYBegxtuTPR5Va9/+13QF/kFkCA==",
          "requires": {
            "regenerator-runtime": "^0.13.2"
          }
        },
        "regenerator-runtime": {
          "version": "0.13.3",
          "resolved": "https://registry.npmjs.org/regenerator-runtime/-/regenerator-runtime-0.13.3.tgz",
          "integrity": "sha512-naKIZz2GQ8JWh///G7L3X6LaQUAMp2lvb1rvwwsURe/VXwD6VMfr+/1NuNw3ag8v2kY1aQ/go5SNn79O9JU7yw=="
        }
      }
    },
    "@material-ui/system": {
      "version": "4.7.1",
      "resolved": "https://registry.npmjs.org/@material-ui/system/-/system-4.7.1.tgz",
      "integrity": "sha512-zH02p+FOimXLSKOW/OT2laYkl9bB3dD1AvnZqsHYoseUaq0aVrpbl2BGjQi+vJ5lg8w73uYlt9zOWzb3+1UdMQ==",
      "requires": {
        "@babel/runtime": "^7.4.4",
        "@material-ui/utils": "^4.7.1",
        "prop-types": "^15.7.2"
      },
      "dependencies": {
        "@babel/runtime": {
          "version": "7.7.7",
          "resolved": "https://registry.npmjs.org/@babel/runtime/-/runtime-7.7.7.tgz",
          "integrity": "sha512-uCnC2JEVAu8AKB5do1WRIsvrdJ0flYx/A/9f/6chdacnEZ7LmavjdsDXr5ksYBegxtuTPR5Va9/+13QF/kFkCA==",
          "requires": {
            "regenerator-runtime": "^0.13.2"
          }
        },
        "regenerator-runtime": {
          "version": "0.13.3",
          "resolved": "https://registry.npmjs.org/regenerator-runtime/-/regenerator-runtime-0.13.3.tgz",
          "integrity": "sha512-naKIZz2GQ8JWh///G7L3X6LaQUAMp2lvb1rvwwsURe/VXwD6VMfr+/1NuNw3ag8v2kY1aQ/go5SNn79O9JU7yw=="
        }
      }
    },
    "@material-ui/types": {
      "version": "4.1.1",
      "resolved": "https://registry.npmjs.org/@material-ui/types/-/types-4.1.1.tgz",
      "integrity": "sha512-AN+GZNXytX9yxGi0JOfxHrRTbhFybjUJ05rnsBVjcB+16e466Z0Xe5IxawuOayVZgTBNDxmPKo5j4V6OnMtaSQ==",
      "requires": {
        "@types/react": "*"
      }
    },
    "@material-ui/utils": {
      "version": "4.7.1",
      "resolved": "https://registry.npmjs.org/@material-ui/utils/-/utils-4.7.1.tgz",
      "integrity": "sha512-+ux0SlLdlehvzCk2zdQ3KiS3/ylWvuo/JwAGhvb8dFVvwR21K28z0PU9OQW2PGogrMEdvX3miEI5tGxTwwWiwQ==",
      "requires": {
        "@babel/runtime": "^7.4.4",
        "prop-types": "^15.7.2",
        "react-is": "^16.8.0"
      },
      "dependencies": {
        "@babel/runtime": {
          "version": "7.7.7",
          "resolved": "https://registry.npmjs.org/@babel/runtime/-/runtime-7.7.7.tgz",
          "integrity": "sha512-uCnC2JEVAu8AKB5do1WRIsvrdJ0flYx/A/9f/6chdacnEZ7LmavjdsDXr5ksYBegxtuTPR5Va9/+13QF/kFkCA==",
          "requires": {
            "regenerator-runtime": "^0.13.2"
          }
        },
        "regenerator-runtime": {
          "version": "0.13.3",
          "resolved": "https://registry.npmjs.org/regenerator-runtime/-/regenerator-runtime-0.13.3.tgz",
          "integrity": "sha512-naKIZz2GQ8JWh///G7L3X6LaQUAMp2lvb1rvwwsURe/VXwD6VMfr+/1NuNw3ag8v2kY1aQ/go5SNn79O9JU7yw=="
        }
      }
    },
    "@types/prop-types": {
      "version": "15.7.3",
      "resolved": "https://registry.npmjs.org/@types/prop-types/-/prop-types-15.7.3.tgz",
      "integrity": "sha512-KfRL3PuHmqQLOG+2tGpRO26Ctg+Cq1E01D2DMriKEATHgWLfeNDmq9e29Q9WIky0dQ3NPkd1mzYH8Lm936Z9qw=="
    },
    "@types/react": {
      "version": "16.9.17",
      "resolved": "https://registry.npmjs.org/@types/react/-/react-16.9.17.tgz",
      "integrity": "sha512-UP27In4fp4sWF5JgyV6pwVPAQM83Fj76JOcg02X5BZcpSu5Wx+fP9RMqc2v0ssBoQIFvD5JdKY41gjJJKmw6Bg==",
      "requires": {
        "@types/prop-types": "*",
        "csstype": "^2.2.0"
      }
    },
    "@types/react-transition-group": {
      "version": "4.2.3",
      "resolved": "https://registry.npmjs.org/@types/react-transition-group/-/react-transition-group-4.2.3.tgz",
      "integrity": "sha512-Hk8jiuT7iLOHrcjKP/ZVSyCNXK73wJAUz60xm0mVhiRujrdiI++j4duLiL282VGxwAgxetHQFfqA29LgEeSkFA==",
      "requires": {
        "@types/react": "*"
      }
    },
    "babel-polyfill": {
      "version": "6.26.0",
      "resolved": "https://registry.npmjs.org/babel-polyfill/-/babel-polyfill-6.26.0.tgz",
      "integrity": "sha1-N5k3q8Z9eJWXCtxiHyhM2WbPIVM=",
      "requires": {
        "babel-runtime": "^6.26.0",
        "core-js": "^2.5.0",
        "regenerator-runtime": "^0.10.5"
      },
      "dependencies": {
        "core-js": {
          "version": "2.5.7",
          "resolved": "https://registry.npmjs.org/core-js/-/core-js-2.5.7.tgz",
          "integrity": "sha512-RszJCAxg/PP6uzXVXL6BsxSXx/B05oJAQ2vkJRjyjrEcNVycaqOmNb5OTxZPE3xa5gwZduqza6L9JOCenh/Ecw=="
        },
        "regenerator-runtime": {
          "version": "0.10.5",
          "resolved": "https://registry.npmjs.org/regenerator-runtime/-/regenerator-runtime-0.10.5.tgz",
          "integrity": "sha1-M2w+/BIgrc7dosn6tntaeVWjNlg="
        }
      }
    },
    "babel-runtime": {
      "version": "6.26.0",
      "resolved": "https://registry.npmjs.org/babel-runtime/-/babel-runtime-6.26.0.tgz",
      "integrity": "sha1-llxwWGaOgrVde/4E/yM3vItWR/4=",
      "requires": {
        "core-js": "^2.4.0",
        "regenerator-runtime": "^0.11.0"
      },
      "dependencies": {
        "core-js": {
          "version": "2.5.7",
          "resolved": "https://registry.npmjs.org/core-js/-/core-js-2.5.7.tgz",
          "integrity": "sha512-RszJCAxg/PP6uzXVXL6BsxSXx/B05oJAQ2vkJRjyjrEcNVycaqOmNb5OTxZPE3xa5gwZduqza6L9JOCenh/Ecw=="
        }
      }
    },
    "clsx": {
      "version": "1.0.4",
      "resolved": "https://registry.npmjs.org/clsx/-/clsx-1.0.4.tgz",
      "integrity": "sha512-1mQ557MIZTrL/140j+JVdRM6e31/OA4vTYxXgqIIZlndyfjHpyawKZia1Im05Vp9BWmImkcNrNtFYQMyFcgJDg=="
    },
    "convert-css-length": {
      "version": "2.0.1",
      "resolved": "https://registry.npmjs.org/convert-css-length/-/convert-css-length-2.0.1.tgz",
      "integrity": "sha512-iGpbcvhLPRKUbBc0Quxx7w/bV14AC3ItuBEGMahA5WTYqB8lq9jH0kTXFheCBASsYnqeMFZhiTruNxr1N59Axg=="
    },
    "css-vendor": {
      "version": "2.0.7",
      "resolved": "https://registry.npmjs.org/css-vendor/-/css-vendor-2.0.7.tgz",
      "integrity": "sha512-VS9Rjt79+p7M0WkPqcAza4Yq1ZHrsHrwf7hPL/bjQB+c1lwmAI+1FXxYTYt818D/50fFVflw0XKleiBN5RITkg==",
      "requires": {
        "@babel/runtime": "^7.6.2",
        "is-in-browser": "^1.0.2"
      },
      "dependencies": {
        "@babel/runtime": {
          "version": "7.7.7",
          "resolved": "https://registry.npmjs.org/@babel/runtime/-/runtime-7.7.7.tgz",
          "integrity": "sha512-uCnC2JEVAu8AKB5do1WRIsvrdJ0flYx/A/9f/6chdacnEZ7LmavjdsDXr5ksYBegxtuTPR5Va9/+13QF/kFkCA==",
          "requires": {
            "regenerator-runtime": "^0.13.2"
          }
        },
        "regenerator-runtime": {
          "version": "0.13.3",
          "resolved": "https://registry.npmjs.org/regenerator-runtime/-/regenerator-runtime-0.13.3.tgz",
          "integrity": "sha512-naKIZz2GQ8JWh///G7L3X6LaQUAMp2lvb1rvwwsURe/VXwD6VMfr+/1NuNw3ag8v2kY1aQ/go5SNn79O9JU7yw=="
        }
      }
    },
    "csstype": {
      "version": "2.6.8",
      "resolved": "https://registry.npmjs.org/csstype/-/csstype-2.6.8.tgz",
      "integrity": "sha512-msVS9qTuMT5zwAGCVm4mxfrZ18BNc6Csd0oJAtiFMZ1FAx1CCvy2+5MDmYoix63LM/6NDbNtodCiGYGmFgO0dA=="
    },
    "dom-helpers": {
      "version": "5.1.3",
      "resolved": "https://registry.npmjs.org/dom-helpers/-/dom-helpers-5.1.3.tgz",
      "integrity": "sha512-nZD1OtwfWGRBWlpANxacBEZrEuLa16o1nh7YopFWeoF68Zt8GGEmzHu6Xv4F3XaFIC+YXtTLrzgqKxFgLEe4jw==",
      "requires": {
        "@babel/runtime": "^7.6.3",
        "csstype": "^2.6.7"
      },
      "dependencies": {
        "@babel/runtime": {
          "version": "7.7.7",
          "resolved": "https://registry.npmjs.org/@babel/runtime/-/runtime-7.7.7.tgz",
          "integrity": "sha512-uCnC2JEVAu8AKB5do1WRIsvrdJ0flYx/A/9f/6chdacnEZ7LmavjdsDXr5ksYBegxtuTPR5Va9/+13QF/kFkCA==",
          "requires": {
            "regenerator-runtime": "^0.13.2"
          }
        },
        "regenerator-runtime": {
          "version": "0.13.3",
          "resolved": "https://registry.npmjs.org/regenerator-runtime/-/regenerator-runtime-0.13.3.tgz",
          "integrity": "sha512-naKIZz2GQ8JWh///G7L3X6LaQUAMp2lvb1rvwwsURe/VXwD6VMfr+/1NuNw3ag8v2kY1aQ/go5SNn79O9JU7yw=="
        }
      }
    },
    "final-form": {
      "version": "4.18.5",
      "resolved": "https://registry.npmjs.org/final-form/-/final-form-4.18.5.tgz",
      "integrity": "sha512-DH/I2W7fWxU8J8ZsbYJ5jLvUbhbatCvLhIKlsU17MvY6W3QnetPEyuX5mcxXgIGFNFKxfvqsG3pDy/1/VwOiTw==",
      "requires": {
        "@babel/runtime": "^7.3.1"
      }
    },
    "final-form-calculate": {
      "version": "1.3.1",
      "resolved": "https://registry.npmjs.org/final-form-calculate/-/final-form-calculate-1.3.1.tgz",
      "integrity": "sha512-vZCvQ08w9FIoHLkZMcJSIXQr5TAVLxHfLD0thmm50zcNyJESruqhgvurSjWYPLoJGnIgbIb94Rumdg5ZXX5WiQ=="
    },
    "fn-name": {
      "version": "2.0.1",
      "resolved": "https://registry.npmjs.org/fn-name/-/fn-name-2.0.1.tgz",
      "integrity": "sha1-UhTXU3pNBqSjAcDMJi/rhBiAAuc="
    },
    "hoist-non-react-statics": {
      "version": "3.3.1",
      "resolved": "https://registry.npmjs.org/hoist-non-react-statics/-/hoist-non-react-statics-3.3.1.tgz",
      "integrity": "sha512-wbg3bpgA/ZqWrZuMOeJi8+SKMhr7X9TesL/rXMjTzh0p0JUBo3II8DHboYbuIXWRlttrUFxwcu/5kygrCw8fJw==",
      "requires": {
        "react-is": "^16.7.0"
      }
    },
    "hyphenate-style-name": {
      "version": "1.0.3",
      "resolved": "https://registry.npmjs.org/hyphenate-style-name/-/hyphenate-style-name-1.0.3.tgz",
      "integrity": "sha512-EcuixamT82oplpoJ2XU4pDtKGWQ7b00CD9f1ug9IaQ3p1bkHMiKCZ9ut9QDI6qsa6cpUuB+A/I+zLtdNK4n2DQ=="
    },
    "is-in-browser": {
      "version": "1.1.3",
      "resolved": "https://registry.npmjs.org/is-in-browser/-/is-in-browser-1.1.3.tgz",
      "integrity": "sha1-Vv9NtoOgeMYILrldrX3GLh0E+DU="
    },
    "js-tokens": {
      "version": "3.0.2",
      "resolved": "https://registry.npmjs.org/js-tokens/-/js-tokens-3.0.2.tgz",
      "integrity": "sha1-mGbfOVECEw449/mWvOtlRDIJwls="
    },
    "jss": {
      "version": "10.0.0",
      "resolved": "https://registry.npmjs.org/jss/-/jss-10.0.0.tgz",
      "integrity": "sha512-TPpDFsiBjuERiL+dFDq8QCdiF9oDasPcNqCKLGCo/qED3fNYOQ8PX2lZhknyTiAt3tZrfOFbb0lbQ9lTjPZxsQ==",
      "requires": {
        "@babel/runtime": "^7.3.1",
        "csstype": "^2.6.5",
        "is-in-browser": "^1.1.3",
        "tiny-warning": "^1.0.2"
      }
    },
    "jss-plugin-camel-case": {
      "version": "10.0.2",
      "resolved": "https://registry.npmjs.org/jss-plugin-camel-case/-/jss-plugin-camel-case-10.0.2.tgz",
      "integrity": "sha512-p7AoRGvW/XC3tvpxYY7oWo2Gkj73fynzNLj7jdLuJ29O13Q+UFjCFTxuDIikR4JCS/K2UJYlN5iBBLkE9Iirvg==",
      "requires": {
        "@babel/runtime": "^7.3.1",
        "hyphenate-style-name": "^1.0.3",
        "jss": "10.0.2"
      },
      "dependencies": {
        "jss": {
          "version": "10.0.2",
          "resolved": "https://registry.npmjs.org/jss/-/jss-10.0.2.tgz",
          "integrity": "sha512-KHvrm43BSKx3D0k7+IOqsG9tsBlMpDdxx2mpleAtJVyAu5smKqaPg0Cg8ieElraYPrJT/d6xd1tYef/E1PvTaQ==",
          "requires": {
            "@babel/runtime": "^7.3.1",
            "csstype": "^2.6.5",
            "is-in-browser": "^1.1.3",
            "tiny-warning": "^1.0.2"
          }
        }
      }
    },
    "jss-plugin-default-unit": {
      "version": "10.0.2",
      "resolved": "https://registry.npmjs.org/jss-plugin-default-unit/-/jss-plugin-default-unit-10.0.2.tgz",
      "integrity": "sha512-9CL34uGxezD3YH07MVhmvN57kp+AlFLqLgwcUKJbYHDCEt7qcDP1cxSM4+jE6xkcAJ4Ba4lbLeDiPwqmDNzu4Q==",
      "requires": {
        "@babel/runtime": "^7.3.1",
        "jss": "10.0.2"
      },
      "dependencies": {
        "jss": {
          "version": "10.0.2",
          "resolved": "https://registry.npmjs.org/jss/-/jss-10.0.2.tgz",
          "integrity": "sha512-KHvrm43BSKx3D0k7+IOqsG9tsBlMpDdxx2mpleAtJVyAu5smKqaPg0Cg8ieElraYPrJT/d6xd1tYef/E1PvTaQ==",
          "requires": {
            "@babel/runtime": "^7.3.1",
            "csstype": "^2.6.5",
            "is-in-browser": "^1.1.3",
            "tiny-warning": "^1.0.2"
          }
        }
      }
    },
    "jss-plugin-global": {
      "version": "10.0.2",
      "resolved": "https://registry.npmjs.org/jss-plugin-global/-/jss-plugin-global-10.0.2.tgz",
      "integrity": "sha512-SP9l87fixLQbNdhd9Um/gNwcR/f4tTV4O3XeW55PhtQc125HAM3wK2rJiG3Acx0I+gQPizFLR3A6hkAzMuyGyQ==",
      "requires": {
        "@babel/runtime": "^7.3.1",
        "jss": "10.0.2"
      },
      "dependencies": {
        "jss": {
          "version": "10.0.2",
          "resolved": "https://registry.npmjs.org/jss/-/jss-10.0.2.tgz",
          "integrity": "sha512-KHvrm43BSKx3D0k7+IOqsG9tsBlMpDdxx2mpleAtJVyAu5smKqaPg0Cg8ieElraYPrJT/d6xd1tYef/E1PvTaQ==",
          "requires": {
            "@babel/runtime": "^7.3.1",
            "csstype": "^2.6.5",
            "is-in-browser": "^1.1.3",
            "tiny-warning": "^1.0.2"
          }
        }
      }
    },
    "jss-plugin-nested": {
      "version": "10.0.2",
      "resolved": "https://registry.npmjs.org/jss-plugin-nested/-/jss-plugin-nested-10.0.2.tgz",
      "integrity": "sha512-TJkOesqzgBKycFOi7Xa8futjUD+eqbkFP+173o6DXpZ49tWQAvh4QERpnEEC1M1l6lAYrVRMJsyxfGiygG+mzQ==",
      "requires": {
        "@babel/runtime": "^7.3.1",
        "jss": "10.0.2",
        "tiny-warning": "^1.0.2"
      },
      "dependencies": {
        "jss": {
          "version": "10.0.2",
          "resolved": "https://registry.npmjs.org/jss/-/jss-10.0.2.tgz",
          "integrity": "sha512-KHvrm43BSKx3D0k7+IOqsG9tsBlMpDdxx2mpleAtJVyAu5smKqaPg0Cg8ieElraYPrJT/d6xd1tYef/E1PvTaQ==",
          "requires": {
            "@babel/runtime": "^7.3.1",
            "csstype": "^2.6.5",
            "is-in-browser": "^1.1.3",
            "tiny-warning": "^1.0.2"
          }
        }
      }
    },
    "jss-plugin-props-sort": {
      "version": "10.0.2",
      "resolved": "https://registry.npmjs.org/jss-plugin-props-sort/-/jss-plugin-props-sort-10.0.2.tgz",
      "integrity": "sha512-QYBcSqiiDINLDtKbtDPNEUVHwZPaOhsjW+vNVWpr0kmddDpvkBe3mOF+/qwxs8j/J5uzivpRwkRpJ0PBNPp6Sw==",
      "requires": {
        "@babel/runtime": "^7.3.1",
        "jss": "10.0.2"
      },
      "dependencies": {
        "jss": {
          "version": "10.0.2",
          "resolved": "https://registry.npmjs.org/jss/-/jss-10.0.2.tgz",
          "integrity": "sha512-KHvrm43BSKx3D0k7+IOqsG9tsBlMpDdxx2mpleAtJVyAu5smKqaPg0Cg8ieElraYPrJT/d6xd1tYef/E1PvTaQ==",
          "requires": {
            "@babel/runtime": "^7.3.1",
            "csstype": "^2.6.5",
            "is-in-browser": "^1.1.3",
            "tiny-warning": "^1.0.2"
          }
        }
      }
    },
    "jss-plugin-rule-value-function": {
      "version": "10.0.2",
      "resolved": "https://registry.npmjs.org/jss-plugin-rule-value-function/-/jss-plugin-rule-value-function-10.0.2.tgz",
      "integrity": "sha512-uHVykv5yx7egBSDsX4/MTfuKyK3KKBKjo1kR+UL51rUOSYNhlxV6pmQ/e8PVBDQ6AKn1AP1pGzu+FamGwfhNUg==",
      "requires": {
        "@babel/runtime": "^7.3.1",
        "jss": "10.0.2"
      },
      "dependencies": {
        "jss": {
          "version": "10.0.2",
          "resolved": "https://registry.npmjs.org/jss/-/jss-10.0.2.tgz",
          "integrity": "sha512-KHvrm43BSKx3D0k7+IOqsG9tsBlMpDdxx2mpleAtJVyAu5smKqaPg0Cg8ieElraYPrJT/d6xd1tYef/E1PvTaQ==",
          "requires": {
            "@babel/runtime": "^7.3.1",
            "csstype": "^2.6.5",
            "is-in-browser": "^1.1.3",
            "tiny-warning": "^1.0.2"
          }
        }
      }
    },
    "jss-plugin-vendor-prefixer": {
      "version": "10.0.2",
      "resolved": "https://registry.npmjs.org/jss-plugin-vendor-prefixer/-/jss-plugin-vendor-prefixer-10.0.2.tgz",
      "integrity": "sha512-H7xUJ4+WVcwIl0a6sAyQ/SKf7ZUkD57NPEMCblxUd2iIHJ+CSNt3bD/P5hSBR+AQ/ulOweJMBj+LnJ1Uwo1xpw==",
      "requires": {
        "@babel/runtime": "^7.3.1",
        "css-vendor": "^2.0.7",
        "jss": "10.0.2"
      },
      "dependencies": {
        "jss": {
          "version": "10.0.2",
          "resolved": "https://registry.npmjs.org/jss/-/jss-10.0.2.tgz",
          "integrity": "sha512-KHvrm43BSKx3D0k7+IOqsG9tsBlMpDdxx2mpleAtJVyAu5smKqaPg0Cg8ieElraYPrJT/d6xd1tYef/E1PvTaQ==",
          "requires": {
            "@babel/runtime": "^7.3.1",
            "csstype": "^2.6.5",
            "is-in-browser": "^1.1.3",
            "tiny-warning": "^1.0.2"
          }
        }
      }
    },
    "lodash": {
      "version": "4.17.15",
      "resolved": "https://registry.npmjs.org/lodash/-/lodash-4.17.15.tgz",
      "integrity": "sha512-8xOcRHvCjnocdS5cpwXQXVzmmh5e5+saE2QGoeQmbKmRS6J3VQppPOIt0MnmE+4xlZoumy0GPG0D0MVIQbNA1A=="
    },
    "lodash.topath": {
      "version": "4.5.2",
      "resolved": "https://registry.npmjs.org/lodash.topath/-/lodash.topath-4.5.2.tgz",
      "integrity": "sha1-NhY1Hzu6YZlKCTGYlmC9AyVP0Ak=",
      "dev": true
    },
    "loose-envify": {
      "version": "1.3.1",
      "resolved": "https://registry.npmjs.org/loose-envify/-/loose-envify-1.3.1.tgz",
      "integrity": "sha1-0aitM/qc4OcT1l/dCsi3SNR4yEg=",
      "requires": {
        "js-tokens": "^3.0.0"
      }
    },
    "normalize-scroll-left": {
      "version": "0.2.0",
      "resolved": "https://registry.npmjs.org/normalize-scroll-left/-/normalize-scroll-left-0.2.0.tgz",
      "integrity": "sha512-t5oCENZJl8TGusJKoCJm7+asaSsPuNmK6+iEjrZ5TyBj2f02brCRsd4c83hwtu+e5d4LCSBZ0uoDlMjBo+A8yA=="
    },
    "object-assign": {
      "version": "4.1.1",
      "resolved": "https://registry.npmjs.org/object-assign/-/object-assign-4.1.1.tgz",
      "integrity": "sha1-IQmtx5ZYh8/AXLvUQsrIv7s2CGM="
    },
    "popper.js": {
      "version": "1.16.0",
      "resolved": "https://registry.npmjs.org/popper.js/-/popper.js-1.16.0.tgz",
      "integrity": "sha512-+G+EkOPoE5S/zChTpmBSSDYmhXJ5PsW8eMhH8cP/CQHMFPBG/kC9Y5IIw6qNYgdJ+/COf0ddY2li28iHaZRSjw=="
    },
    "prop-types": {
      "version": "15.7.2",
      "resolved": "https://registry.npmjs.org/prop-types/-/prop-types-15.7.2.tgz",
      "integrity": "sha512-8QQikdH7//R2vurIJSutZ1smHYTcLpRWEOlHnzcWHmBYrOGUysKwSsrC89BCiFj3CbrfJ/nXFdJepOVrY1GCHQ==",
      "requires": {
        "loose-envify": "^1.4.0",
        "object-assign": "^4.1.1",
        "react-is": "^16.8.1"
      },
      "dependencies": {
        "loose-envify": {
          "version": "1.4.0",
          "resolved": "https://registry.npmjs.org/loose-envify/-/loose-envify-1.4.0.tgz",
          "integrity": "sha512-lyuxPGr/Wfhrlem2CL/UcnUc1zcqKAImBDzukY7Y5F/yQiNdko6+fRLevlw1HgMySw7f611UIY408EtxRSoK3Q==",
          "requires": {
            "js-tokens": "^3.0.0 || ^4.0.0"
          }
        }
      }
    },
    "property-expr": {
      "version": "1.5.1",
      "resolved": "https://registry.npmjs.org/property-expr/-/property-expr-1.5.1.tgz",
      "integrity": "sha512-CGuc0VUTGthpJXL36ydB6jnbyOf/rAHFvmVrJlH+Rg0DqqLFQGAP6hIaxD/G0OAmBJPhXDHuEJigrp0e0wFV6g=="
    },
    "react": {
      "version": "16.8.6",
      "resolved": "https://registry.npmjs.org/react/-/react-16.8.6.tgz",
      "integrity": "sha512-pC0uMkhLaHm11ZSJULfOBqV4tIZkx87ZLvbbQYunNixAAvjnC+snJCg0XQXn9VIsttVsbZP/H/ewzgsd5fxKXw==",
      "requires": {
        "loose-envify": "^1.1.0",
        "object-assign": "^4.1.1",
        "prop-types": "^15.6.2",
        "scheduler": "^0.13.6"
      },
      "dependencies": {
        "prop-types": {
          "version": "15.7.2",
          "resolved": "https://registry.npmjs.org/prop-types/-/prop-types-15.7.2.tgz",
          "integrity": "sha512-8QQikdH7//R2vurIJSutZ1smHYTcLpRWEOlHnzcWHmBYrOGUysKwSsrC89BCiFj3CbrfJ/nXFdJepOVrY1GCHQ==",
          "requires": {
            "loose-envify": "^1.4.0",
            "object-assign": "^4.1.1",
            "react-is": "^16.8.1"
          },
          "dependencies": {
            "loose-envify": {
              "version": "1.4.0",
              "resolved": "https://registry.npmjs.org/loose-envify/-/loose-envify-1.4.0.tgz",
              "integrity": "sha512-lyuxPGr/Wfhrlem2CL/UcnUc1zcqKAImBDzukY7Y5F/yQiNdko6+fRLevlw1HgMySw7f611UIY408EtxRSoK3Q==",
              "requires": {
                "js-tokens": "^3.0.0 || ^4.0.0"
              }
            }
          }
        }
      }
    },
    "react-dom": {
      "version": "16.8.6",
      "resolved": "https://registry.npmjs.org/react-dom/-/react-dom-16.8.6.tgz",
      "integrity": "sha512-1nL7PIq9LTL3fthPqwkvr2zY7phIPjYrT0jp4HjyEQrEROnw4dG41VVwi/wfoCneoleqrNX7iAD+pXebJZwrwA==",
      "requires": {
        "loose-envify": "^1.1.0",
        "object-assign": "^4.1.1",
        "prop-types": "^15.6.2",
        "scheduler": "^0.13.6"
      },
      "dependencies": {
        "prop-types": {
          "version": "15.7.2",
          "resolved": "https://registry.npmjs.org/prop-types/-/prop-types-15.7.2.tgz",
          "integrity": "sha512-8QQikdH7//R2vurIJSutZ1smHYTcLpRWEOlHnzcWHmBYrOGUysKwSsrC89BCiFj3CbrfJ/nXFdJepOVrY1GCHQ==",
          "requires": {
            "loose-envify": "^1.4.0",
            "object-assign": "^4.1.1",
            "react-is": "^16.8.1"
          },
          "dependencies": {
            "loose-envify": {
              "version": "1.4.0",
              "resolved": "https://registry.npmjs.org/loose-envify/-/loose-envify-1.4.0.tgz",
              "integrity": "sha512-lyuxPGr/Wfhrlem2CL/UcnUc1zcqKAImBDzukY7Y5F/yQiNdko6+fRLevlw1HgMySw7f611UIY408EtxRSoK3Q==",
              "requires": {
                "js-tokens": "^3.0.0 || ^4.0.0"
              }
            }
          }
        }
      }
    },
    "react-final-form": {
      "version": "6.3.0",
      "resolved": "https://registry.npmjs.org/react-final-form/-/react-final-form-6.3.0.tgz",
      "integrity": "sha512-jijhXR1fFGUBQwNOSqF4MK8XJO7Ynl1p8vcFsnQS0INSkGI52+4IagjUgtHj3w8EviIHPFK/Eflji6FELUl07w==",
      "requires": {
        "@babel/runtime": "^7.4.5",
        "ts-essentials": "^2.0.8"
      },
      "dependencies": {
        "@babel/runtime": {
          "version": "7.6.0",
          "resolved": "https://registry.npmjs.org/@babel/runtime/-/runtime-7.6.0.tgz",
          "integrity": "sha512-89eSBLJsxNxOERC0Op4vd+0Bqm6wRMqMbFtV3i0/fbaWw/mJ8Q3eBvgX0G4SyrOOLCtbu98HspF8o09MRT+KzQ==",
          "requires": {
            "regenerator-runtime": "^0.13.2"
          }
        },
        "regenerator-runtime": {
          "version": "0.13.3",
          "resolved": "https://registry.npmjs.org/regenerator-runtime/-/regenerator-runtime-0.13.3.tgz",
          "integrity": "sha512-naKIZz2GQ8JWh///G7L3X6LaQUAMp2lvb1rvwwsURe/VXwD6VMfr+/1NuNw3ag8v2kY1aQ/go5SNn79O9JU7yw=="
        }
      }
    },
    "react-is": {
      "version": "16.8.6",
      "resolved": "https://registry.npmjs.org/react-is/-/react-is-16.8.6.tgz",
      "integrity": "sha512-aUk3bHfZ2bRSVFFbbeVS4i+lNPZr3/WM5jT2J5omUVV1zzcs1nAaf3l51ctA5FFvCRbhrH0bdAsRRQddFJZPtA=="
    },
    "react-transition-group": {
      "version": "4.3.0",
      "resolved": "https://registry.npmjs.org/react-transition-group/-/react-transition-group-4.3.0.tgz",
      "integrity": "sha512-1qRV1ZuVSdxPlPf4O8t7inxUGpdyO5zG9IoNfJxSO0ImU2A1YWkEQvFPuIPZmMLkg5hYs7vv5mMOyfgSkvAwvw==",
      "requires": {
        "@babel/runtime": "^7.5.5",
        "dom-helpers": "^5.0.1",
        "loose-envify": "^1.4.0",
        "prop-types": "^15.6.2"
      },
      "dependencies": {
        "@babel/runtime": {
          "version": "7.7.7",
          "resolved": "https://registry.npmjs.org/@babel/runtime/-/runtime-7.7.7.tgz",
          "integrity": "sha512-uCnC2JEVAu8AKB5do1WRIsvrdJ0flYx/A/9f/6chdacnEZ7LmavjdsDXr5ksYBegxtuTPR5Va9/+13QF/kFkCA==",
          "requires": {
            "regenerator-runtime": "^0.13.2"
          }
        },
        "loose-envify": {
          "version": "1.4.0",
          "resolved": "https://registry.npmjs.org/loose-envify/-/loose-envify-1.4.0.tgz",
          "integrity": "sha512-lyuxPGr/Wfhrlem2CL/UcnUc1zcqKAImBDzukY7Y5F/yQiNdko6+fRLevlw1HgMySw7f611UIY408EtxRSoK3Q==",
          "requires": {
            "js-tokens": "^3.0.0 || ^4.0.0"
          }
        },
        "regenerator-runtime": {
          "version": "0.13.3",
          "resolved": "https://registry.npmjs.org/regenerator-runtime/-/regenerator-runtime-0.13.3.tgz",
          "integrity": "sha512-naKIZz2GQ8JWh///G7L3X6LaQUAMp2lvb1rvwwsURe/VXwD6VMfr+/1NuNw3ag8v2kY1aQ/go5SNn79O9JU7yw=="
        }
      }
    },
    "regenerator-runtime": {
      "version": "0.11.1",
      "resolved": "https://registry.npmjs.org/regenerator-runtime/-/regenerator-runtime-0.11.1.tgz",
      "integrity": "sha512-MguG95oij0fC3QV3URf4V2SDYGJhJnJGqvIIgdECeODCT98wSWDAJ94SSuVpYQUoTcGUIL6L4yNB7j1DFFHSBg=="
    },
    "scheduler": {
      "version": "0.13.6",
      "resolved": "https://registry.npmjs.org/scheduler/-/scheduler-0.13.6.tgz",
      "integrity": "sha512-IWnObHt413ucAYKsD9J1QShUKkbKLQQHdxRyw73sw4FN26iWr3DY/H34xGPe4nmL1DwXyWmSWmMrA9TfQbE/XQ==",
      "requires": {
        "loose-envify": "^1.1.0",
        "object-assign": "^4.1.1"
      }
    },
    "string-hash": {
      "version": "1.1.3",
      "resolved": "https://registry.npmjs.org/string-hash/-/string-hash-1.1.3.tgz",
      "integrity": "sha1-6Kr8CsGFW0Zmkp7X3RJ1311sgRs="
    },
    "synchronous-promise": {
      "version": "2.0.10",
      "resolved": "https://registry.npmjs.org/synchronous-promise/-/synchronous-promise-2.0.10.tgz",
      "integrity": "sha512-6PC+JRGmNjiG3kJ56ZMNWDPL8hjyghF5cMXIFOKg+NiwwEZZIvxTWd0pinWKyD227odg9ygF8xVhhz7gb8Uq7A=="
    },
    "tiny-warning": {
      "version": "1.0.3",
      "resolved": "https://registry.npmjs.org/tiny-warning/-/tiny-warning-1.0.3.tgz",
      "integrity": "sha512-lBN9zLN/oAf68o3zNXYrdCt1kP8WsiGW8Oo2ka41b2IM5JL/S1CTyX1rW0mb/zSuJun0ZUrDxx4sqvYS2FWzPA=="
    },
    "toposort": {
      "version": "2.0.2",
      "resolved": "https://registry.npmjs.org/toposort/-/toposort-2.0.2.tgz",
      "integrity": "sha1-riF2gXXRVZ1IvvNUILL0li8JwzA="
    },
    "ts-essentials": {
      "version": "2.0.12",
      "resolved": "https://registry.npmjs.org/ts-essentials/-/ts-essentials-2.0.12.tgz",
      "integrity": "sha512-3IVX4nI6B5cc31/GFFE+i8ey/N2eA0CZDbo6n0yrz0zDX8ZJ8djmU1p+XRz7G3is0F3bB3pu2pAroFdAWQKU3w=="
    },
    "yup": {
      "version": "0.28.0",
      "resolved": "https://registry.npmjs.org/yup/-/yup-0.28.0.tgz",
      "integrity": "sha512-9ZmsB/PT6/m+oUKF8rT9lWhMMGfx5s/aNCCf8pMu/GEQA0Ro2tLOc+aX12GjfL67Vif5a3c7eZVuxGFqFScnJQ==",
      "requires": {
        "@babel/runtime": "^7.0.0",
        "fn-name": "~2.0.1",
        "lodash": "^4.17.11",
        "property-expr": "^1.5.0",
        "synchronous-promise": "^2.0.6",
        "toposort": "^2.0.2"
      }
    }
  }
}
